// !$*UTF8*$!
{
	archiveVersion = 1;
	classes = {
	};
	objectVersion = 55;
	objects = {

/* Begin PBXBuildFile section */
		A48B8274287F69CF00211C7D /* MathHeadzApp.swift in Sources */ = {isa = PBXBuildFile; fileRef = A48B8273287F69CF00211C7D /* MathHeadzApp.swift */; };
		A48B8276287F69CF00211C7D /* ContentView.swift in Sources */ = {isa = PBXBuildFile; fileRef = A48B8275287F69CF00211C7D /* ContentView.swift */; };
		A48B8278287F69CF00211C7D /* Assets.xcassets in Resources */ = {isa = PBXBuildFile; fileRef = A48B8277287F69CF00211C7D /* Assets.xcassets */; };
		A48B827B287F69CF00211C7D /* Preview Assets.xcassets in Resources */ = {isa = PBXBuildFile; fileRef = A48B827A287F69CF00211C7D /* Preview Assets.xcassets */; };
		A48B8285287F69D000211C7D /* MathHeadzTests.swift in Sources */ = {isa = PBXBuildFile; fileRef = A48B8284287F69D000211C7D /* MathHeadzTests.swift */; };
		A48B828F287F69D000211C7D /* MathHeadzUITests.swift in Sources */ = {isa = PBXBuildFile; fileRef = A48B828E287F69D000211C7D /* MathHeadzUITests.swift */; };
		A48B8291287F69D000211C7D /* MathHeadzUITestsLaunchTests.swift in Sources */ = {isa = PBXBuildFile; fileRef = A48B8290287F69D000211C7D /* MathHeadzUITestsLaunchTests.swift */; };
/* End PBXBuildFile section */

/* Begin PBXContainerItemProxy section */
		A48B8281287F69D000211C7D /* PBXContainerItemProxy */ = {
			isa = PBXContainerItemProxy;
			containerPortal = A48B8268287F69CF00211C7D /* Project object */;
			proxyType = 1;
			remoteGlobalIDString = A48B826F287F69CF00211C7D;
			remoteInfo = MathHeadz;
		};
		A48B828B287F69D000211C7D /* PBXContainerItemProxy */ = {
			isa = PBXContainerItemProxy;
			containerPortal = A48B8268287F69CF00211C7D /* Project object */;
			proxyType = 1;
			remoteGlobalIDString = A48B826F287F69CF00211C7D;
			remoteInfo = MathHeadz;
		};
/* End PBXContainerItemProxy section */

/* Begin PBXFileReference section */
		A48B8270287F69CF00211C7D /* MathHeadz.app */ = {isa = PBXFileReference; explicitFileType = wrapper.application; includeInIndex = 0; path = MathHeadz.app; sourceTree = BUILT_PRODUCTS_DIR; };
		A48B8273287F69CF00211C7D /* MathHeadzApp.swift */ = {isa = PBXFileReference; lastKnownFileType = sourcecode.swift; path = MathHeadzApp.swift; sourceTree = "<group>"; };
		A48B8275287F69CF00211C7D /* ContentView.swift */ = {isa = PBXFileReference; lastKnownFileType = sourcecode.swift; path = ContentView.swift; sourceTree = "<group>"; };
		A48B8277287F69CF00211C7D /* Assets.xcassets */ = {isa = PBXFileReference; lastKnownFileType = folder.assetcatalog; path = Assets.xcassets; sourceTree = "<group>"; };
		A48B827A287F69CF00211C7D /* Preview Assets.xcassets */ = {isa = PBXFileReference; lastKnownFileType = folder.assetcatalog; path = "Preview Assets.xcassets"; sourceTree = "<group>"; };
		A48B8280287F69D000211C7D /* MathHeadzTests.xctest */ = {isa = PBXFileReference; explicitFileType = wrapper.cfbundle; includeInIndex = 0; path = MathHeadzTests.xctest; sourceTree = BUILT_PRODUCTS_DIR; };
		A48B8284287F69D000211C7D /* MathHeadzTests.swift */ = {isa = PBXFileReference; lastKnownFileType = sourcecode.swift; path = MathHeadzTests.swift; sourceTree = "<group>"; };
		A48B828A287F69D000211C7D /* MathHeadzUITests.xctest */ = {isa = PBXFileReference; explicitFileType = wrapper.cfbundle; includeInIndex = 0; path = MathHeadzUITests.xctest; sourceTree = BUILT_PRODUCTS_DIR; };
		A48B828E287F69D000211C7D /* MathHeadzUITests.swift */ = {isa = PBXFileReference; lastKnownFileType = sourcecode.swift; path = MathHeadzUITests.swift; sourceTree = "<group>"; };
		A48B8290287F69D000211C7D /* MathHeadzUITestsLaunchTests.swift */ = {isa = PBXFileReference; lastKnownFileType = sourcecode.swift; path = MathHeadzUITestsLaunchTests.swift; sourceTree = "<group>"; };
/* End PBXFileReference section */

/* Begin PBXFrameworksBuildPhase section */
		A48B826D287F69CF00211C7D /* Frameworks */ = {
			isa = PBXFrameworksBuildPhase;
			buildActionMask = 2147483647;
			files = (
			);
			runOnlyForDeploymentPostprocessing = 0;
		};
		A48B827D287F69D000211C7D /* Frameworks */ = {
			isa = PBXFrameworksBuildPhase;
			buildActionMask = 2147483647;
			files = (
			);
			runOnlyForDeploymentPostprocessing = 0;
		};
		A48B8287287F69D000211C7D /* Frameworks */ = {
			isa = PBXFrameworksBuildPhase;
			buildActionMask = 2147483647;
			files = (
			);
			runOnlyForDeploymentPostprocessing = 0;
		};
/* End PBXFrameworksBuildPhase section */

/* Begin PBXGroup section */
		A48B8267287F69CF00211C7D = {
			isa = PBXGroup;
			children = (
				A48B8272287F69CF00211C7D /* MathHeadz */,
				A48B8283287F69D000211C7D /* MathHeadzTests */,
				A48B828D287F69D000211C7D /* MathHeadzUITests */,
				A48B8271287F69CF00211C7D /* Products */,
			);
			sourceTree = "<group>";
		};
		A48B8271287F69CF00211C7D /* Products */ = {
			isa = PBXGroup;
			children = (
				A48B8270287F69CF00211C7D /* MathHeadz.app */,
				A48B8280287F69D000211C7D /* MathHeadzTests.xctest */,
				A48B828A287F69D000211C7D /* MathHeadzUITests.xctest */,
			);
			name = Products;
			sourceTree = "<group>";
		};
		A48B8272287F69CF00211C7D /* MathHeadz */ = {
			isa = PBXGroup;
			children = (
				A48B8273287F69CF00211C7D /* MathHeadzApp.swift */,
				A48B8275287F69CF00211C7D /* ContentView.swift */,
				A48B8277287F69CF00211C7D /* Assets.xcassets */,
				A48B8279287F69CF00211C7D /* Preview Content */,
			);
			path = MathHeadz;
			sourceTree = "<group>";
		};
		A48B8279287F69CF00211C7D /* Preview Content */ = {
			isa = PBXGroup;
			children = (
				A48B827A287F69CF00211C7D /* Preview Assets.xcassets */,
			);
			path = "Preview Content";
			sourceTree = "<group>";
		};
		A48B8283287F69D000211C7D /* MathHeadzTests */ = {
			isa = PBXGroup;
			children = (
				A48B8284287F69D000211C7D /* MathHeadzTests.swift */,
			);
			path = MathHeadzTests;
			sourceTree = "<group>";
		};
		A48B828D287F69D000211C7D /* MathHeadzUITests */ = {
			isa = PBXGroup;
			children = (
				A48B828E287F69D000211C7D /* MathHeadzUITests.swift */,
				A48B8290287F69D000211C7D /* MathHeadzUITestsLaunchTests.swift */,
			);
			path = MathHeadzUITests;
			sourceTree = "<group>";
		};
/* End PBXGroup section */

/* Begin PBXNativeTarget section */
		A48B826F287F69CF00211C7D /* MathHeadz */ = {
			isa = PBXNativeTarget;
			buildConfigurationList = A48B8294287F69D000211C7D /* Build configuration list for PBXNativeTarget "MathHeadz" */;
			buildPhases = (
				A48B826C287F69CF00211C7D /* Sources */,
				A48B826D287F69CF00211C7D /* Frameworks */,
				A48B826E287F69CF00211C7D /* Resources */,
			);
			buildRules = (
			);
			dependencies = (
			);
			name = MathHeadz;
			productName = MathHeadz;
			productReference = A48B8270287F69CF00211C7D /* MathHeadz.app */;
			productType = "com.apple.product-type.application";
		};
		A48B827F287F69D000211C7D /* MathHeadzTests */ = {
			isa = PBXNativeTarget;
			buildConfigurationList = A48B8297287F69D000211C7D /* Build configuration list for PBXNativeTarget "MathHeadzTests" */;
			buildPhases = (
				A48B827C287F69D000211C7D /* Sources */,
				A48B827D287F69D000211C7D /* Frameworks */,
				A48B827E287F69D000211C7D /* Resources */,
			);
			buildRules = (
			);
			dependencies = (
				A48B8282287F69D000211C7D /* PBXTargetDependency */,
			);
			name = MathHeadzTests;
			productName = MathHeadzTests;
			productReference = A48B8280287F69D000211C7D /* MathHeadzTests.xctest */;
			productType = "com.apple.product-type.bundle.unit-test";
		};
		A48B8289287F69D000211C7D /* MathHeadzUITests */ = {
			isa = PBXNativeTarget;
			buildConfigurationList = A48B829A287F69D000211C7D /* Build configuration list for PBXNativeTarget "MathHeadzUITests" */;
			buildPhases = (
				A48B8286287F69D000211C7D /* Sources */,
				A48B8287287F69D000211C7D /* Frameworks */,
				A48B8288287F69D000211C7D /* Resources */,
			);
			buildRules = (
			);
			dependencies = (
				A48B828C287F69D000211C7D /* PBXTargetDependency */,
			);
			name = MathHeadzUITests;
			productName = MathHeadzUITests;
			productReference = A48B828A287F69D000211C7D /* MathHeadzUITests.xctest */;
			productType = "com.apple.product-type.bundle.ui-testing";
		};
/* End PBXNativeTarget section */

/* Begin PBXProject section */
		A48B8268287F69CF00211C7D /* Project object */ = {
			isa = PBXProject;
			attributes = {
				BuildIndependentTargetsInParallel = 1;
				LastSwiftUpdateCheck = 1320;
				LastUpgradeCheck = 1320;
				TargetAttributes = {
					A48B826F287F69CF00211C7D = {
						CreatedOnToolsVersion = 13.2.1;
					};
					A48B827F287F69D000211C7D = {
						CreatedOnToolsVersion = 13.2.1;
						TestTargetID = A48B826F287F69CF00211C7D;
					};
					A48B8289287F69D000211C7D = {
						CreatedOnToolsVersion = 13.2.1;
						TestTargetID = A48B826F287F69CF00211C7D;
					};
				};
			};
			buildConfigurationList = A48B826B287F69CF00211C7D /* Build configuration list for PBXProject "MathHeadz" */;
			compatibilityVersion = "Xcode 13.0";
			developmentRegion = en;
			hasScannedForEncodings = 0;
			knownRegions = (
				en,
				Base,
			);
			mainGroup = A48B8267287F69CF00211C7D;
			productRefGroup = A48B8271287F69CF00211C7D /* Products */;
			projectDirPath = "";
			projectRoot = "";
			targets = (
				A48B826F287F69CF00211C7D /* MathHeadz */,
				A48B827F287F69D000211C7D /* MathHeadzTests */,
				A48B8289287F69D000211C7D /* MathHeadzUITests */,
			);
		};
/* End PBXProject section */

/* Begin PBXResourcesBuildPhase section */
		A48B826E287F69CF00211C7D /* Resources */ = {
			isa = PBXResourcesBuildPhase;
			buildActionMask = 2147483647;
			files = (
				A48B827B287F69CF00211C7D /* Preview Assets.xcassets in Resources */,
				A48B8278287F69CF00211C7D /* Assets.xcassets in Resources */,
			);
			runOnlyForDeploymentPostprocessing = 0;
		};
		A48B827E287F69D000211C7D /* Resources */ = {
			isa = PBXResourcesBuildPhase;
			buildActionMask = 2147483647;
			files = (
			);
			runOnlyForDeploymentPostprocessing = 0;
		};
		A48B8288287F69D000211C7D /* Resources */ = {
			isa = PBXResourcesBuildPhase;
			buildActionMask = 2147483647;
			files = (
			);
			runOnlyForDeploymentPostprocessing = 0;
		};
/* End PBXResourcesBuildPhase section */

/* Begin PBXSourcesBuildPhase section */
		A48B826C287F69CF00211C7D /* Sources */ = {
			isa = PBXSourcesBuildPhase;
			buildActionMask = 2147483647;
			files = (
				A48B8276287F69CF00211C7D /* ContentView.swift in Sources */,
				A48B8274287F69CF00211C7D /* MathHeadzApp.swift in Sources */,
			);
			runOnlyForDeploymentPostprocessing = 0;
		};
		A48B827C287F69D000211C7D /* Sources */ = {
			isa = PBXSourcesBuildPhase;
			buildActionMask = 2147483647;
			files = (
				A48B8285287F69D000211C7D /* MathHeadzTests.swift in Sources */,
			);
			runOnlyForDeploymentPostprocessing = 0;
		};
		A48B8286287F69D000211C7D /* Sources */ = {
			isa = PBXSourcesBuildPhase;
			buildActionMask = 2147483647;
			files = (
				A48B828F287F69D000211C7D /* MathHeadzUITests.swift in Sources */,
				A48B8291287F69D000211C7D /* MathHeadzUITestsLaunchTests.swift in Sources */,
			);
			runOnlyForDeploymentPostprocessing = 0;
		};
/* End PBXSourcesBuildPhase section */

/* Begin PBXTargetDependency section */
		A48B8282287F69D000211C7D /* PBXTargetDependency */ = {
			isa = PBXTargetDependency;
			target = A48B826F287F69CF00211C7D /* MathHeadz */;
			targetProxy = A48B8281287F69D000211C7D /* PBXContainerItemProxy */;
		};
		A48B828C287F69D000211C7D /* PBXTargetDependency */ = {
			isa = PBXTargetDependency;
			target = A48B826F287F69CF00211C7D /* MathHeadz */;
			targetProxy = A48B828B287F69D000211C7D /* PBXContainerItemProxy */;
		};
/* End PBXTargetDependency section */

/* Begin XCBuildConfiguration section */
		A48B8292287F69D000211C7D /* Debug */ = {
			isa = XCBuildConfiguration;
			buildSettings = {
				ALWAYS_SEARCH_USER_PATHS = NO;
				CLANG_ANALYZER_NONNULL = YES;
				CLANG_ANALYZER_NUMBER_OBJECT_CONVERSION = YES_AGGRESSIVE;
				CLANG_CXX_LANGUAGE_STANDARD = "gnu++17";
				CLANG_CXX_LIBRARY = "libc++";
				CLANG_ENABLE_MODULES = YES;
				CLANG_ENABLE_OBJC_ARC = YES;
				CLANG_ENABLE_OBJC_WEAK = YES;
				CLANG_WARN_BLOCK_CAPTURE_AUTORELEASING = YES;
				CLANG_WARN_BOOL_CONVERSION = YES;
				CLANG_WARN_COMMA = YES;
				CLANG_WARN_CONSTANT_CONVERSION = YES;
				CLANG_WARN_DEPRECATED_OBJC_IMPLEMENTATIONS = YES;
				CLANG_WARN_DIRECT_OBJC_ISA_USAGE = YES_ERROR;
				CLANG_WARN_DOCUMENTATION_COMMENTS = YES;
				CLANG_WARN_EMPTY_BODY = YES;
				CLANG_WARN_ENUM_CONVERSION = YES;
				CLANG_WARN_INFINITE_RECURSION = YES;
				CLANG_WARN_INT_CONVERSION = YES;
				CLANG_WARN_NON_LITERAL_NULL_CONVERSION = YES;
				CLANG_WARN_OBJC_IMPLICIT_RETAIN_SELF = YES;
				CLANG_WARN_OBJC_LITERAL_CONVERSION = YES;
				CLANG_WARN_OBJC_ROOT_CLASS = YES_ERROR;
				CLANG_WARN_QUOTED_INCLUDE_IN_FRAMEWORK_HEADER = YES;
				CLANG_WARN_RANGE_LOOP_ANALYSIS = YES;
				CLANG_WARN_STRICT_PROTOTYPES = YES;
				CLANG_WARN_SUSPICIOUS_MOVE = YES;
				CLANG_WARN_UNGUARDED_AVAILABILITY = YES_AGGRESSIVE;
				CLANG_WARN_UNREACHABLE_CODE = YES;
				CLANG_WARN__DUPLICATE_METHOD_MATCH = YES;
				COPY_PHASE_STRIP = NO;
				DEBUG_INFORMATION_FORMAT = dwarf;
				ENABLE_STRICT_OBJC_MSGSEND = YES;
				ENABLE_TESTABILITY = YES;
				GCC_C_LANGUAGE_STANDARD = gnu11;
				GCC_DYNAMIC_NO_PIC = NO;
				GCC_NO_COMMON_BLOCKS = YES;
				GCC_OPTIMIZATION_LEVEL = 0;
				GCC_PREPROCESSOR_DEFINITIONS = (
					"DEBUG=1",
					"$(inherited)",
				);
				GCC_WARN_64_TO_32_BIT_CONVERSION = YES;
				GCC_WARN_ABOUT_RETURN_TYPE = YES_ERROR;
				GCC_WARN_UNDECLARED_SELECTOR = YES;
				GCC_WARN_UNINITIALIZED_AUTOS = YES_AGGRESSIVE;
				GCC_WARN_UNUSED_FUNCTION = YES;
				GCC_WARN_UNUSED_VARIABLE = YES;
				IPHONEOS_DEPLOYMENT_TARGET = 15.2;
				MTL_ENABLE_DEBUG_INFO = INCLUDE_SOURCE;
				MTL_FAST_MATH = YES;
				ONLY_ACTIVE_ARCH = YES;
				SDKROOT = iphoneos;
				SWIFT_ACTIVE_COMPILATION_CONDITIONS = DEBUG;
				SWIFT_OPTIMIZATION_LEVEL = "-Onone";
			};
			name = Debug;
		};
		A48B8293287F69D000211C7D /* Release */ = {
			isa = XCBuildConfiguration;
			buildSettings = {
				ALWAYS_SEARCH_USER_PATHS = NO;
				CLANG_ANALYZER_NONNULL = YES;
				CLANG_ANALYZER_NUMBER_OBJECT_CONVERSION = YES_AGGRESSIVE;
				CLANG_CXX_LANGUAGE_STANDARD = "gnu++17";
				CLANG_CXX_LIBRARY = "libc++";
				CLANG_ENABLE_MODULES = YES;
				CLANG_ENABLE_OBJC_ARC = YES;
				CLANG_ENABLE_OBJC_WEAK = YES;
				CLANG_WARN_BLOCK_CAPTURE_AUTORELEASING = YES;
				CLANG_WARN_BOOL_CONVERSION = YES;
				CLANG_WARN_COMMA = YES;
				CLANG_WARN_CONSTANT_CONVERSION = YES;
				CLANG_WARN_DEPRECATED_OBJC_IMPLEMENTATIONS = YES;
				CLANG_WARN_DIRECT_OBJC_ISA_USAGE = YES_ERROR;
				CLANG_WARN_DOCUMENTATION_COMMENTS = YES;
				CLANG_WARN_EMPTY_BODY = YES;
				CLANG_WARN_ENUM_CONVERSION = YES;
				CLANG_WARN_INFINITE_RECURSION = YES;
				CLANG_WARN_INT_CONVERSION = YES;
				CLANG_WARN_NON_LITERAL_NULL_CONVERSION = YES;
				CLANG_WARN_OBJC_IMPLICIT_RETAIN_SELF = YES;
				CLANG_WARN_OBJC_LITERAL_CONVERSION = YES;
				CLANG_WARN_OBJC_ROOT_CLASS = YES_ERROR;
				CLANG_WARN_QUOTED_INCLUDE_IN_FRAMEWORK_HEADER = YES;
				CLANG_WARN_RANGE_LOOP_ANALYSIS = YES;
				CLANG_WARN_STRICT_PROTOTYPES = YES;
				CLANG_WARN_SUSPICIOUS_MOVE = YES;
				CLANG_WARN_UNGUARDED_AVAILABILITY = YES_AGGRESSIVE;
				CLANG_WARN_UNREACHABLE_CODE = YES;
				CLANG_WARN__DUPLICATE_METHOD_MATCH = YES;
				COPY_PHASE_STRIP = NO;
				DEBUG_INFORMATION_FORMAT = "dwarf-with-dsym";
				ENABLE_NS_ASSERTIONS = NO;
				ENABLE_STRICT_OBJC_MSGSEND = YES;
				GCC_C_LANGUAGE_STANDARD = gnu11;
				GCC_NO_COMMON_BLOCKS = YES;
				GCC_WARN_64_TO_32_BIT_CONVERSION = YES;
				GCC_WARN_ABOUT_RETURN_TYPE = YES_ERROR;
				GCC_WARN_UNDECLARED_SELECTOR = YES;
				GCC_WARN_UNINITIALIZED_AUTOS = YES_AGGRESSIVE;
				GCC_WARN_UNUSED_FUNCTION = YES;
				GCC_WARN_UNUSED_VARIABLE = YES;
				IPHONEOS_DEPLOYMENT_TARGET = 15.2;
				MTL_ENABLE_DEBUG_INFO = NO;
				MTL_FAST_MATH = YES;
				SDKROOT = iphoneos;
				SWIFT_COMPILATION_MODE = wholemodule;
				SWIFT_OPTIMIZATION_LEVEL = "-O";
				VALIDATE_PRODUCT = YES;
			};
			name = Release;
		};
		A48B8295287F69D000211C7D /* Debug */ = {
			isa = XCBuildConfiguration;
			buildSettings = {
				ASSETCATALOG_COMPILER_APPICON_NAME = AppIcon;
				ASSETCATALOG_COMPILER_GLOBAL_ACCENT_COLOR_NAME = AccentColor;
				CODE_SIGN_STYLE = Automatic;
				CURRENT_PROJECT_VERSION = 1;
				DEVELOPMENT_ASSET_PATHS = "\"MathHeadz/Preview Content\"";
				ENABLE_PREVIEWS = YES;
				GENERATE_INFOPLIST_FILE = YES;
				INFOPLIST_KEY_UIApplicationSceneManifest_Generation = YES;
				INFOPLIST_KEY_UIApplicationSupportsIndirectInputEvents = YES;
				INFOPLIST_KEY_UILaunchScreen_Generation = YES;
				INFOPLIST_KEY_UISupportedInterfaceOrientations_iPad = "UIInterfaceOrientationPortrait UIInterfaceOrientationPortraitUpsideDown UIInterfaceOrientationLandscapeLeft UIInterfaceOrientationLandscapeRight";
				INFOPLIST_KEY_UISupportedInterfaceOrientations_iPhone = "UIInterfaceOrientationPortrait UIInterfaceOrientationLandscapeLeft UIInterfaceOrientationLandscapeRight";
				LD_RUNPATH_SEARCH_PATHS = (
					"$(inherited)",
					"@executable_path/Frameworks",
				);
				MARKETING_VERSION = 1.0;
				PRODUCT_BUNDLE_IDENTIFIER = alex.MathHeadz;
				PRODUCT_NAME = "$(TARGET_NAME)";
				SWIFT_EMIT_LOC_STRINGS = YES;
				SWIFT_VERSION = 5.0;
				TARGETED_DEVICE_FAMILY = "1,2";
			};
			name = Debug;
		};
		A48B8296287F69D000211C7D /* Release */ = {
			isa = XCBuildConfiguration;
			buildSettings = {
				ASSETCATALOG_COMPILER_APPICON_NAME = AppIcon;
				ASSETCATALOG_COMPILER_GLOBAL_ACCENT_COLOR_NAME = AccentColor;
				CODE_SIGN_STYLE = Automatic;
				CURRENT_PROJECT_VERSION = 1;
				DEVELOPMENT_ASSET_PATHS = "\"MathHeadz/Preview Content\"";
				ENABLE_PREVIEWS = YES;
				GENERATE_INFOPLIST_FILE = YES;
				INFOPLIST_KEY_UIApplicationSceneManifest_Generation = YES;
				INFOPLIST_KEY_UIApplicationSupportsIndirectInputEvents = YES;
				INFOPLIST_KEY_UILaunchScreen_Generation = YES;
				INFOPLIST_KEY_UISupportedInterfaceOrientations_iPad = "UIInterfaceOrientationPortrait UIInterfaceOrientationPortraitUpsideDown UIInterfaceOrientationLandscapeLeft UIInterfaceOrientationLandscapeRight";
				INFOPLIST_KEY_UISupportedInterfaceOrientations_iPhone = "UIInterfaceOrientationPortrait UIInterfaceOrientationLandscapeLeft UIInterfaceOrientationLandscapeRight";
				LD_RUNPATH_SEARCH_PATHS = (
					"$(inherited)",
					"@executable_path/Frameworks",
				);
				MARKETING_VERSION = 1.0;
				PRODUCT_BUNDLE_IDENTIFIER = alex.MathHeadz;
				PRODUCT_NAME = "$(TARGET_NAME)";
				SWIFT_EMIT_LOC_STRINGS = YES;
				SWIFT_VERSION = 5.0;
				TARGETED_DEVICE_FAMILY = "1,2";
			};
			name = Release;
		};
		A48B8298287F69D000211C7D /* Debug */ = {
			isa = XCBuildConfiguration;
			buildSettings = {
				ALWAYS_EMBED_SWIFT_STANDARD_LIBRARIES = YES;
				BUNDLE_LOADER = "$(TEST_HOST)";
				CODE_SIGN_STYLE = Automatic;
				CURRENT_PROJECT_VERSION = 1;
				GENERATE_INFOPLIST_FILE = YES;
				IPHONEOS_DEPLOYMENT_TARGET = 15.2;
				MARKETING_VERSION = 1.0;
				PRODUCT_BUNDLE_IDENTIFIER = alex.MathHeadzTests;
				PRODUCT_NAME = "$(TARGET_NAME)";
				SWIFT_EMIT_LOC_STRINGS = NO;
				SWIFT_VERSION = 5.0;
				TARGETED_DEVICE_FAMILY = "1,2";
				TEST_HOST = "$(BUILT_PRODUCTS_DIR)/MathHeadz.app/MathHeadz";
			};
			name = Debug;
		};
		A48B8299287F69D000211C7D /* Release */ = {
			isa = XCBuildConfiguration;
			buildSettings = {
				ALWAYS_EMBED_SWIFT_STANDARD_LIBRARIES = YES;
				BUNDLE_LOADER = "$(TEST_HOST)";
				CODE_SIGN_STYLE = Automatic;
				CURRENT_PROJECT_VERSION = 1;
				GENERATE_INFOPLIST_FILE = YES;
				IPHONEOS_DEPLOYMENT_TARGET = 15.2;
				MARKETING_VERSION = 1.0;
				PRODUCT_BUNDLE_IDENTIFIER = alex.MathHeadzTests;
				PRODUCT_NAME = "$(TARGET_NAME)";
				SWIFT_EMIT_LOC_STRINGS = NO;
				SWIFT_VERSION = 5.0;
				TARGETED_DEVICE_FAMILY = "1,2";
				TEST_HOST = "$(BUILT_PRODUCTS_DIR)/MathHeadz.app/MathHeadz";
			};
			name = Release;
		};
		A48B829B287F69D000211C7D /* Debug */ = {
			isa = XCBuildConfiguration;
			buildSettings = {
				ALWAYS_EMBED_SWIFT_STANDARD_LIBRARIES = YES;
				CODE_SIGN_STYLE = Automatic;
				CURRENT_PROJECT_VERSION = 1;
				GENERATE_INFOPLIST_FILE = YES;
				MARKETING_VERSION = 1.0;
				PRODUCT_BUNDLE_IDENTIFIER = alex.MathHeadzUITests;
				PRODUCT_NAME = "$(TARGET_NAME)";
				SWIFT_EMIT_LOC_STRINGS = NO;
				SWIFT_VERSION = 5.0;
				TARGETED_DEVICE_FAMILY = "1,2";
				TEST_TARGET_NAME = MathHeadz;
			};
			name = Debug;
		};
		A48B829C287F69D000211C7D /* Release */ = {
			isa = XCBuildConfiguration;
			buildSettings = {
				ALWAYS_EMBED_SWIFT_STANDARD_LIBRARIES = YES;
				CODE_SIGN_STYLE = Automatic;
				CURRENT_PROJECT_VERSION = 1;
				GENERATE_INFOPLIST_FILE = YES;
				MARKETING_VERSION = 1.0;
				PRODUCT_BUNDLE_IDENTIFIER = alex.MathHeadzUITests;
				PRODUCT_NAME = "$(TARGET_NAME)";
				SWIFT_EMIT_LOC_STRINGS = NO;
				SWIFT_VERSION = 5.0;
				TARGETED_DEVICE_FAMILY = "1,2";
				TEST_TARGET_NAME = MathHeadz;
			};
			name = Release;
		};
/* End XCBuildConfiguration section */

/* Begin XCConfigurationList section */
		A48B826B287F69CF00211C7D /* Build configuration list for PBXProject "MathHeadz" */ = {
			isa = XCConfigurationList;
			buildConfigurations = (
				A48B8292287F69D000211C7D /* Debug */,
				A48B8293287F69D000211C7D /* Release */,
			);
			defaultConfigurationIsVisible = 0;
			defaultConfigurationName = Release;
		};
		A48B8294287F69D000211C7D /* Build configuration list for PBXNativeTarget "MathHeadz" */ = {
			isa = XCConfigurationList;
			buildConfigurations = (
				A48B8295287F69D000211C7D /* Debug */,
				A48B8296287F69D000211C7D /* Release */,
			);
			defaultConfigurationIsVisible = 0;
			defaultConfigurationName = Release;
		};
		A48B8297287F69D000211C7D /* Build configuration list for PBXNativeTarget "MathHeadzTests" */ = {
			isa = XCConfigurationList;
			buildConfigurations = (
				A48B8298287F69D000211C7D /* Debug */,
				A48B8299287F69D000211C7D /* Release */,
			);
			defaultConfigurationIsVisible = 0;
			defaultConfigurationName = Release;
		};
		A48B829A287F69D000211C7D /* Build configuration list for PBXNativeTarget "MathHeadzUITests" */ = {
			isa = XCConfigurationList;
			buildConfigurations = (
				A48B829B287F69D000211C7D /* Debug */,
				A48B829C287F69D000211C7D /* Release */,
			);
			defaultConfigurationIsVisible = 0;
			defaultConfigurationName = Release;
		};
/* End XCConfigurationList section */
	};
	rootObject = A48B8268287F69CF00211C7D /* Project object */;
}
